
Microsoft Visual Studio Solution File, Format Version 12.00
# Visual Studio 15
Project("{FAE04EC0-301F-11D3-BF4B-00C04F79EFBC}") = "Assembly-CSharp", "Assembly-CSharp.csproj", "{68A8DB83-CA15-5A21-1402-0D1172D52F64}"
EndProject
Project("{FAE04EC0-301F-11D3-BF4B-00C04F79EFBC}") = "NavMeshComponents", "NavMeshComponents.csproj", "{526111A8-564D-44C0-9775-A046B98BCAAA}"
EndProject
Project("{FAE04EC0-301F-11D3-BF4B-00C04F79EFBC}") = "NavMeshComponentsEditor", "NavMeshComponentsEditor.csproj", "{0505C5C6-AA40-18F1-27E9-124372907DB2}"
EndProject
Global
	GlobalSection(SolutionConfigurationPlatforms) = preSolution
		Debug|Any CPU = Debug|Any CPU
		Release|Any CPU = Release|Any CPU
	EndGlobalSection
	GlobalSection(ProjectConfigurationPlatforms) = postSolution
		{68A8DB83-CA15-5A21-1402-0D1172D52F64}.Debug|Any CPU.ActiveCfg = Debug|Any CPU
		{68A8DB83-CA15-5A21-1402-0D1172D52F64}.Debug|Any CPU.Build.0 = Debug|Any CPU
		{68A8DB83-CA15-5A21-1402-0D1172D52F64}.Release|Any CPU.ActiveCfg = Release|Any CPU
		{68A8DB83-CA15-5A21-1402-0D1172D52F64}.Release|Any CPU.Build.0 = Release|Any CPU
		{526111A8-564D-44C0-9775-A046B98BCAAA}.Debug|Any CPU.ActiveCfg = Debug|Any CPU
		{526111A8-564D-44C0-9775-A046B98BCAAA}.Debug|Any CPU.Build.0 = Debug|Any CPU
		{526111A8-564D-44C0-9775-A046B98BCAAA}.Release|Any CPU.ActiveCfg = Release|Any CPU
		{526111A8-564D-44C0-9775-A046B98BCAAA}.Release|Any CPU.Build.0 = Release|Any CPU
		{0505C5C6-AA40-18F1-27E9-124372907DB2}.Debug|Any CPU.ActiveCfg = Debug|Any CPU
		{0505C5C6-AA40-18F1-27E9-124372907DB2}.Debug|Any CPU.Build.0 = Debug|Any CPU
		{0505C5C6-AA40-18F1-27E9-124372907DB2}.Release|Any CPU.ActiveCfg = Release|Any CPU
		{0505C5C6-AA40-18F1-27E9-124372907DB2}.Release|Any CPU.Build.0 = Release|Any CPU
	EndGlobalSection
	GlobalSection(SolutionProperties) = preSolution
		HideSolutionNode = FALSE
	EndGlobalSection
EndGlobal
